// !$*UTF8*$!
{
	archiveVersion = 1;
	classes = {
	};
	objectVersion = 46;
	objects = {

/* Begin PBXBuildFile section */
		270066B51ADCF48A0070BCB2 /* UIImage+ProportionalFill.m in Sources */ = {isa = PBXBuildFile; fileRef = 270066B41ADCF48A0070BCB2 /* UIImage+ProportionalFill.m */; };
		271982571ADC3CF200C0FB3C /* AppDelegate.m in Sources */ = {isa = PBXBuildFile; fileRef = 271982521ADC3CF200C0FB3C /* AppDelegate.m */; };
		271982581ADC3CF200C0FB3C /* BaseViewController.m in Sources */ = {isa = PBXBuildFile; fileRef = 271982551ADC3CF200C0FB3C /* BaseViewController.m */; };
		2719826A1ADC45C800C0FB3C /* banner1.png in Resources */ = {isa = PBXBuildFile; fileRef = 2719825E1ADC45C800C0FB3C /* banner1.png */; };
		2719826B1ADC45C800C0FB3C /* banner1@2x.png in Resources */ = {isa = PBXBuildFile; fileRef = 2719825F1ADC45C800C0FB3C /* banner1@2x.png */; };
		2719826C1ADC45C800C0FB3C /* banner2.png in Resources */ = {isa = PBXBuildFile; fileRef = 271982601ADC45C800C0FB3C /* banner2.png */; };
		2719826D1ADC45C800C0FB3C /* banner2@2x.png in Resources */ = {isa = PBXBuildFile; fileRef = 271982611ADC45C800C0FB3C /* banner2@2x.png */; };
		2719826E1ADC45C800C0FB3C /* banner3.png in Resources */ = {isa = PBXBuildFile; fileRef = 271982621ADC45C800C0FB3C /* banner3.png */; };
		2719826F1ADC45C800C0FB3C /* banner3@2x.png in Resources */ = {isa = PBXBuildFile; fileRef = 271982631ADC45C800C0FB3C /* banner3@2x.png */; };
		271982701ADC45C800C0FB3C /* banner4.png in Resources */ = {isa = PBXBuildFile; fileRef = 271982641ADC45C800C0FB3C /* banner4.png */; };
		271982711ADC45C800C0FB3C /* banner4@2x.png in Resources */ = {isa = PBXBuildFile; fileRef = 271982651ADC45C800C0FB3C /* banner4@2x.png */; };
		271982721ADC45C800C0FB3C /* banner5.png in Resources */ = {isa = PBXBuildFile; fileRef = 271982661ADC45C800C0FB3C /* banner5.png */; };
		271982731ADC45C800C0FB3C /* banner5@2x.png in Resources */ = {isa = PBXBuildFile; fileRef = 271982671ADC45C800C0FB3C /* banner5@2x.png */; };
		271982741ADC45C800C0FB3C /* banner6.png in Resources */ = {isa = PBXBuildFile; fileRef = 271982681ADC45C800C0FB3C /* banner6.png */; };
		271982751ADC45C800C0FB3C /* banner6@2x.png in Resources */ = {isa = PBXBuildFile; fileRef = 271982691ADC45C800C0FB3C /* banner6@2x.png */; };
		2719827B1ADC4F9B00C0FB3C /* mod.png in Resources */ = {isa = PBXBuildFile; fileRef = 271982791ADC4F9B00C0FB3C /* mod.png */; };
		2719827C1ADC4F9B00C0FB3C /* mod@2x.png in Resources */ = {isa = PBXBuildFile; fileRef = 2719827A1ADC4F9B00C0FB3C /* mod@2x.png */; };
		271982B61ADC6C1E00C0FB3C /* DiamondSplitViewController.m in Sources */ = {isa = PBXBuildFile; fileRef = 2719829A1ADC6C1D00C0FB3C /* DiamondSplitViewController.m */; };
		271982B71ADC6C1E00C0FB3C /* GoldSplitViewController.m in Sources */ = {isa = PBXBuildFile; fileRef = 2719829D1ADC6C1D00C0FB3C /* GoldSplitViewController.m */; };
		271982B81ADC6C1E00C0FB3C /* HomeViewController.m in Sources */ = {isa = PBXBuildFile; fileRef = 271982A01ADC6C1E00C0FB3C /* HomeViewController.m */; };
		271982B91ADC6C1E00C0FB3C /* LoginViewController.m in Sources */ = {isa = PBXBuildFile; fileRef = 271982A31ADC6C1E00C0FB3C /* LoginViewController.m */; };
		271982BA1ADC6C1E00C0FB3C /* PlatinumSplitViewController.m in Sources */ = {isa = PBXBuildFile; fileRef = 271982A61ADC6C1E00C0FB3C /* PlatinumSplitViewController.m */; };
		271982BB1ADC6C1E00C0FB3C /* GalleryItemCollectionViewCell.m in Sources */ = {isa = PBXBuildFile; fileRef = 271982A91ADC6C1E00C0FB3C /* GalleryItemCollectionViewCell.m */; };
		271982BC1ADC6C1E00C0FB3C /* ProductCategoryListViewController.m in Sources */ = {isa = PBXBuildFile; fileRef = 271982AB1ADC6C1E00C0FB3C /* ProductCategoryListViewController.m */; };
		271982BD1ADC6C1E00C0FB3C /* ProductCollectionView.m in Sources */ = {isa = PBXBuildFile; fileRef = 271982AD1ADC6C1E00C0FB3C /* ProductCollectionView.m */; };
		271982BE1ADC6C1E00C0FB3C /* ProductListTableViewCell.m in Sources */ = {isa = PBXBuildFile; fileRef = 271982AF1ADC6C1E00C0FB3C /* ProductListTableViewCell.m */; };
		271982C01ADC6C1E00C0FB3C /* SilverSplitViewController.m in Sources */ = {isa = PBXBuildFile; fileRef = 271982B51ADC6C1E00C0FB3C /* SilverSplitViewController.m */; };
		273558191ADB15790059FBE7 /* main.m in Sources */ = {isa = PBXBuildFile; fileRef = 273558181ADB15790059FBE7 /* main.m */; };
		2735581F1ADB15790059FBE7 /* Digi_Catalogue.xcdatamodeld in Sources */ = {isa = PBXBuildFile; fileRef = 2735581D1ADB15790059FBE7 /* Digi_Catalogue.xcdatamodeld */; };
		273558251ADB15790059FBE7 /* Main.storyboard in Resources */ = {isa = PBXBuildFile; fileRef = 273558231ADB15790059FBE7 /* Main.storyboard */; };
		273558271ADB15790059FBE7 /* Images.xcassets in Resources */ = {isa = PBXBuildFile; fileRef = 273558261ADB15790059FBE7 /* Images.xcassets */; };
		2735582A1ADB15790059FBE7 /* LaunchScreen.xib in Resources */ = {isa = PBXBuildFile; fileRef = 273558281ADB15790059FBE7 /* LaunchScreen.xib */; };
		273558361ADB157A0059FBE7 /* Digi_CatalogueTests.m in Sources */ = {isa = PBXBuildFile; fileRef = 273558351ADB157A0059FBE7 /* Digi_CatalogueTests.m */; };
		2747E11B1B23675600367B9B /* Jastor.m in Sources */ = {isa = PBXBuildFile; fileRef = 2747E1181B23675600367B9B /* Jastor.m */; };
		2747E11C1B23675600367B9B /* JastorRuntimeHelper.m in Sources */ = {isa = PBXBuildFile; fileRef = 2747E11A1B23675600367B9B /* JastorRuntimeHelper.m */; };
		276E64E51B011035002B1D06 /* FeedBackViewController.m in Sources */ = {isa = PBXBuildFile; fileRef = 276E64E41B011035002B1D06 /* FeedBackViewController.m */; };
		27889B911B03ED79000E6717 /* ProductItemCell.m in Sources */ = {isa = PBXBuildFile; fileRef = 27889B901B03ED79000E6717 /* ProductItemCell.m */; };
		27889B951B040498000E6717 /* DataManager.m in Sources */ = {isa = PBXBuildFile; fileRef = 27889B941B040498000E6717 /* DataManager.m */; };
		27889B991B040881000E6717 /* SettingViewController.m in Sources */ = {isa = PBXBuildFile; fileRef = 27889B981B040881000E6717 /* SettingViewController.m */; };
		279D96321ADD4CEF00124B4C /* SplitViewStoryBoard.storyboard in Resources */ = {isa = PBXBuildFile; fileRef = 279D96311ADD4CEF00124B4C /* SplitViewStoryBoard.storyboard */; };
		279D96351ADD524000124B4C /* TabBarController.m in Sources */ = {isa = PBXBuildFile; fileRef = 279D96341ADD524000124B4C /* TabBarController.m */; };
		279D96391ADD53E900124B4C /* SplitViewController.m in Sources */ = {isa = PBXBuildFile; fileRef = 279D96381ADD53E900124B4C /* SplitViewController.m */; };
		27A3DCAC1B1DE56D007807F9 /* ProductDetailStoryboard.storyboard in Resources */ = {isa = PBXBuildFile; fileRef = 27A3DCAB1B1DE56D007807F9 /* ProductDetailStoryboard.storyboard */; };
		27A3DCAF1B1DE692007807F9 /* ProductDetailViewController.m in Sources */ = {isa = PBXBuildFile; fileRef = 27A3DCAE1B1DE692007807F9 /* ProductDetailViewController.m */; };
		27E0F38E1B20AA430011DE82 /* AFNetWorkAPIClient.m in Sources */ = {isa = PBXBuildFile; fileRef = 27E0F34E1B20AA420011DE82 /* AFNetWorkAPIClient.m */; };
		27E0F38F1B20AA430011DE82 /* APIBase.m in Sources */ = {isa = PBXBuildFile; fileRef = 27E0F3501B20AA420011DE82 /* APIBase.m */; };
		27E0F3901B20AA430011DE82 /* CollectionsApi.m in Sources */ = {isa = PBXBuildFile; fileRef = 27E0F3541B20AA420011DE82 /* CollectionsApi.m */; };
		27E0F3911B20AA430011DE82 /* ForgotPasswordApi.m in Sources */ = {isa = PBXBuildFile; fileRef = 27E0F3581B20AA420011DE82 /* ForgotPasswordApi.m */; };
		27E0F3921B20AA430011DE82 /* HelperMethods.m in Sources */ = {isa = PBXBuildFile; fileRef = 27E0F35C1B20AA420011DE82 /* HelperMethods.m */; };
		27E0F3931B20AA430011DE82 /* HomeScreenApi.m in Sources */ = {isa = PBXBuildFile; fileRef = 27E0F35F1B20AA420011DE82 /* HomeScreenApi.m */; };
		27E0F3941B20AA430011DE82 /* HomeScreenDetails.m in Sources */ = {isa = PBXBuildFile; fileRef = 27E0F3621B20AA420011DE82 /* HomeScreenDetails.m */; };
		27E0F3951B20AA430011DE82 /* LoadingLogic.m in Sources */ = {isa = PBXBuildFile; fileRef = 27E0F3651B20AA420011DE82 /* LoadingLogic.m */; };
		27E0F3961B20AA430011DE82 /* LoginApi.m in Sources */ = {isa = PBXBuildFile; fileRef = 27E0F3681B20AA420011DE82 /* LoginApi.m */; };
		27E0F3971B20AA430011DE82 /* LoginDetails.m in Sources */ = {isa = PBXBuildFile; fileRef = 27E0F36B1B20AA420011DE82 /* LoginDetails.m */; };
		27E0F3981B20AA430011DE82 /* OffersApi.m in Sources */ = {isa = PBXBuildFile; fileRef = 27E0F36E1B20AA420011DE82 /* OffersApi.m */; };
		27E0F3991B20AA430011DE82 /* OffersDetails.m in Sources */ = {isa = PBXBuildFile; fileRef = 27E0F3711B20AA420011DE82 /* OffersDetails.m */; };
		27E0F39A1B20AA430011DE82 /* ParserUtility.m in Sources */ = {isa = PBXBuildFile; fileRef = 27E0F3741B20AA420011DE82 /* ParserUtility.m */; };
		27E0F39B1B20AA430011DE82 /* CollectionListOfItems.m in Sources */ = {isa = PBXBuildFile; fileRef = 27E0F3771B20AA420011DE82 /* CollectionListOfItems.m */; };
		27E0F39D1B20AA430011DE82 /* ListOfItems.m in Sources */ = {isa = PBXBuildFile; fileRef = 27E0F37C1B20AA420011DE82 /* ListOfItems.m */; };
		27E0F39E1B20AA430011DE82 /* Products.m in Sources */ = {isa = PBXBuildFile; fileRef = 27E0F37E1B20AA420011DE82 /* Products.m */; };
		27E0F39F1B20AA430011DE82 /* Reachability.m in Sources */ = {isa = PBXBuildFile; fileRef = 27E0F3811B20AA420011DE82 /* Reachability.m */; };
		27E0F3A01B20AA430011DE82 /* SignUpApi.m in Sources */ = {isa = PBXBuildFile; fileRef = 27E0F3841B20AA420011DE82 /* SignUpApi.m */; };
		27E0F3A11B20AA430011DE82 /* SignUpDetails.m in Sources */ = {isa = PBXBuildFile; fileRef = 27E0F3871B20AA420011DE82 /* SignUpDetails.m */; };
		27E0F3A21B20AA430011DE82 /* ValidateApi.m in Sources */ = {isa = PBXBuildFile; fileRef = 27E0F38A1B20AA420011DE82 /* ValidateApi.m */; };
		27E0F3A31B20AA430011DE82 /* WebService.m in Sources */ = {isa = PBXBuildFile; fileRef = 27E0F38D1B20AA430011DE82 /* WebService.m */; };
		27E0F3A71B20AA910011DE82 /* Items.m in Sources */ = {isa = PBXBuildFile; fileRef = 27E0F3A61B20AA910011DE82 /* Items.m */; };
		27E0F3BB1B20B14B0011DE82 /* Cache.m in Sources */ = {isa = PBXBuildFile; fileRef = 27E0F3B21B20B14B0011DE82 /* Cache.m */; };
		27E0F3BC1B20B14B0011DE82 /* DataStorage.m in Sources */ = {isa = PBXBuildFile; fileRef = 27E0F3B41B20B14B0011DE82 /* DataStorage.m */; };
		27E0F3BD1B20B14B0011DE82 /* DataUtility.m in Sources */ = {isa = PBXBuildFile; fileRef = 27E0F3B61B20B14B0011DE82 /* DataUtility.m */; };
		27E0F3BF1B20B14B0011DE82 /* PICoreDataManager.m in Sources */ = {isa = PBXBuildFile; fileRef = 27E0F3BA1B20B14B0011DE82 /* PICoreDataManager.m */; };
		27E5235F1AF0078700D33D67 /* MZLoadingCircle.m in Sources */ = {isa = PBXBuildFile; fileRef = 27E523541AF0078700D33D67 /* MZLoadingCircle.m */; };
		27E523601AF0078700D33D67 /* FXImageView.m in Sources */ = {isa = PBXBuildFile; fileRef = 27E523561AF0078700D33D67 /* FXImageView.m */; };
		27E523611AF0078700D33D67 /* UIImage+FX.m in Sources */ = {isa = PBXBuildFile; fileRef = 27E523581AF0078700D33D67 /* UIImage+FX.m */; };
		27E523621AF0078700D33D67 /* Flickr.m in Sources */ = {isa = PBXBuildFile; fileRef = 27E5235A1AF0078700D33D67 /* Flickr.m */; };
		27E523631AF0078700D33D67 /* FlickrPhoto.m in Sources */ = {isa = PBXBuildFile; fileRef = 27E5235C1AF0078700D33D67 /* FlickrPhoto.m */; };
		27E523641AF0078700D33D67 /* BDUtility.m in Sources */ = {isa = PBXBuildFile; fileRef = 27E5235E1AF0078700D33D67 /* BDUtility.m */; };
		C873D439610A3612B8A28159 /* libPods-Digi_Catalogue.a in Frameworks */ = {isa = PBXBuildFile; fileRef = 9C85759F3EC94C322556F15E /* libPods-Digi_Catalogue.a */; };
/* End PBXBuildFile section */

/* Begin PBXContainerItemProxy section */
		273558301ADB157A0059FBE7 /* PBXContainerItemProxy */ = {
			isa = PBXContainerItemProxy;
			containerPortal = 2735580B1ADB15790059FBE7 /* Project object */;
			proxyType = 1;
			remoteGlobalIDString = 273558121ADB15790059FBE7;
			remoteInfo = Digi_Catalogue;
		};
/* End PBXContainerItemProxy section */

/* Begin PBXFileReference section */
		270066B31ADCF4850070BCB2 /* UIImage+ProportionalFill.h */ = {isa = PBXFileReference; fileEncoding = 4; lastKnownFileType = sourcecode.c.h; path = "UIImage+ProportionalFill.h"; sourceTree = "<group>"; };
		270066B41ADCF48A0070BCB2 /* UIImage+ProportionalFill.m */ = {isa = PBXFileReference; fileEncoding = 4; lastKnownFileType = sourcecode.c.objc; path = "UIImage+ProportionalFill.m"; sourceTree = "<group>"; };
		271982511ADC3CF200C0FB3C /* AppDelegate.h */ = {isa = PBXFileReference; fileEncoding = 4; lastKnownFileType = sourcecode.c.h; path = AppDelegate.h; sourceTree = "<group>"; };
		271982521ADC3CF200C0FB3C /* AppDelegate.m */ = {isa = PBXFileReference; fileEncoding = 4; lastKnownFileType = sourcecode.c.objc; path = AppDelegate.m; sourceTree = "<group>"; };
		271982541ADC3CF200C0FB3C /* BaseViewController.h */ = {isa = PBXFileReference; fileEncoding = 4; lastKnownFileType = sourcecode.c.h; path = BaseViewController.h; sourceTree = "<group>"; };
		271982551ADC3CF200C0FB3C /* BaseViewController.m */ = {isa = PBXFileReference; fileEncoding = 4; lastKnownFileType = sourcecode.c.objc; path = BaseViewController.m; sourceTree = "<group>"; };
		2719825E1ADC45C800C0FB3C /* banner1.png */ = {isa = PBXFileReference; lastKnownFileType = image.png; path = banner1.png; sourceTree = "<group>"; };
		2719825F1ADC45C800C0FB3C /* banner1@2x.png */ = {isa = PBXFileReference; lastKnownFileType = image.png; path = "banner1@2x.png"; sourceTree = "<group>"; };
		271982601ADC45C800C0FB3C /* banner2.png */ = {isa = PBXFileReference; lastKnownFileType = image.png; path = banner2.png; sourceTree = "<group>"; };
		271982611ADC45C800C0FB3C /* banner2@2x.png */ = {isa = PBXFileReference; lastKnownFileType = image.png; path = "banner2@2x.png"; sourceTree = "<group>"; };
		271982621ADC45C800C0FB3C /* banner3.png */ = {isa = PBXFileReference; lastKnownFileType = image.png; path = banner3.png; sourceTree = "<group>"; };
		271982631ADC45C800C0FB3C /* banner3@2x.png */ = {isa = PBXFileReference; lastKnownFileType = image.png; path = "banner3@2x.png"; sourceTree = "<group>"; };
		271982641ADC45C800C0FB3C /* banner4.png */ = {isa = PBXFileReference; lastKnownFileType = image.png; path = banner4.png; sourceTree = "<group>"; };
		271982651ADC45C800C0FB3C /* banner4@2x.png */ = {isa = PBXFileReference; lastKnownFileType = image.png; path = "banner4@2x.png"; sourceTree = "<group>"; };
		271982661ADC45C800C0FB3C /* banner5.png */ = {isa = PBXFileReference; lastKnownFileType = image.png; path = banner5.png; sourceTree = "<group>"; };
		271982671ADC45C800C0FB3C /* banner5@2x.png */ = {isa = PBXFileReference; lastKnownFileType = image.png; path = "banner5@2x.png"; sourceTree = "<group>"; };
		271982681ADC45C800C0FB3C /* banner6.png */ = {isa = PBXFileReference; lastKnownFileType = image.png; path = banner6.png; sourceTree = "<group>"; };
		271982691ADC45C800C0FB3C /* banner6@2x.png */ = {isa = PBXFileReference; lastKnownFileType = image.png; path = "banner6@2x.png"; sourceTree = "<group>"; };
		271982791ADC4F9B00C0FB3C /* mod.png */ = {isa = PBXFileReference; lastKnownFileType = image.png; path = mod.png; sourceTree = "<group>"; };
		2719827A1ADC4F9B00C0FB3C /* mod@2x.png */ = {isa = PBXFileReference; lastKnownFileType = image.png; path = "mod@2x.png"; sourceTree = "<group>"; };
		271982991ADC6C1D00C0FB3C /* DiamondSplitViewController.h */ = {isa = PBXFileReference; fileEncoding = 4; lastKnownFileType = sourcecode.c.h; path = DiamondSplitViewController.h; sourceTree = "<group>"; };
		2719829A1ADC6C1D00C0FB3C /* DiamondSplitViewController.m */ = {isa = PBXFileReference; fileEncoding = 4; lastKnownFileType = sourcecode.c.objc; path = DiamondSplitViewController.m; sourceTree = "<group>"; };
		2719829C1ADC6C1D00C0FB3C /* GoldSplitViewController.h */ = {isa = PBXFileReference; fileEncoding = 4; lastKnownFileType = sourcecode.c.h; path = GoldSplitViewController.h; sourceTree = "<group>"; };
		2719829D1ADC6C1D00C0FB3C /* GoldSplitViewController.m */ = {isa = PBXFileReference; fileEncoding = 4; lastKnownFileType = sourcecode.c.objc; path = GoldSplitViewController.m; sourceTree = "<group>"; };
		2719829F1ADC6C1D00C0FB3C /* HomeViewController.h */ = {isa = PBXFileReference; fileEncoding = 4; lastKnownFileType = sourcecode.c.h; path = HomeViewController.h; sourceTree = "<group>"; };
		271982A01ADC6C1E00C0FB3C /* HomeViewController.m */ = {isa = PBXFileReference; fileEncoding = 4; lastKnownFileType = sourcecode.c.objc; path = HomeViewController.m; sourceTree = "<group>"; };
		271982A21ADC6C1E00C0FB3C /* LoginViewController.h */ = {isa = PBXFileReference; fileEncoding = 4; lastKnownFileType = sourcecode.c.h; path = LoginViewController.h; sourceTree = "<group>"; };
		271982A31ADC6C1E00C0FB3C /* LoginViewController.m */ = {isa = PBXFileReference; fileEncoding = 4; lastKnownFileType = sourcecode.c.objc; path = LoginViewController.m; sourceTree = "<group>"; };
		271982A51ADC6C1E00C0FB3C /* PlatinumSplitViewController.h */ = {isa = PBXFileReference; fileEncoding = 4; lastKnownFileType = sourcecode.c.h; path = PlatinumSplitViewController.h; sourceTree = "<group>"; };
		271982A61ADC6C1E00C0FB3C /* PlatinumSplitViewController.m */ = {isa = PBXFileReference; fileEncoding = 4; lastKnownFileType = sourcecode.c.objc; path = PlatinumSplitViewController.m; sourceTree = "<group>"; };
		271982A81ADC6C1E00C0FB3C /* GalleryItemCollectionViewCell.h */ = {isa = PBXFileReference; fileEncoding = 4; lastKnownFileType = sourcecode.c.h; path = GalleryItemCollectionViewCell.h; sourceTree = "<group>"; };
		271982A91ADC6C1E00C0FB3C /* GalleryItemCollectionViewCell.m */ = {isa = PBXFileReference; fileEncoding = 4; lastKnownFileType = sourcecode.c.objc; path = GalleryItemCollectionViewCell.m; sourceTree = "<group>"; };
		271982AA1ADC6C1E00C0FB3C /* ProductCategoryListViewController.h */ = {isa = PBXFileReference; fileEncoding = 4; lastKnownFileType = sourcecode.c.h; path = ProductCategoryListViewController.h; sourceTree = "<group>"; };
		271982AB1ADC6C1E00C0FB3C /* ProductCategoryListViewController.m */ = {isa = PBXFileReference; fileEncoding = 4; lastKnownFileType = sourcecode.c.objc; path = ProductCategoryListViewController.m; sourceTree = "<group>"; };
		271982AC1ADC6C1E00C0FB3C /* ProductCollectionView.h */ = {isa = PBXFileReference; fileEncoding = 4; lastKnownFileType = sourcecode.c.h; path = ProductCollectionView.h; sourceTree = "<group>"; };
		271982AD1ADC6C1E00C0FB3C /* ProductCollectionView.m */ = {isa = PBXFileReference; fileEncoding = 4; lastKnownFileType = sourcecode.c.objc; path = ProductCollectionView.m; sourceTree = "<group>"; };
		271982AE1ADC6C1E00C0FB3C /* ProductListTableViewCell.h */ = {isa = PBXFileReference; fileEncoding = 4; lastKnownFileType = sourcecode.c.h; path = ProductListTableViewCell.h; sourceTree = "<group>"; };
		271982AF1ADC6C1E00C0FB3C /* ProductListTableViewCell.m */ = {isa = PBXFileReference; fileEncoding = 4; lastKnownFileType = sourcecode.c.objc; path = ProductListTableViewCell.m; sourceTree = "<group>"; };
		271982B41ADC6C1E00C0FB3C /* SilverSplitViewController.h */ = {isa = PBXFileReference; fileEncoding = 4; lastKnownFileType = sourcecode.c.h; path = SilverSplitViewController.h; sourceTree = "<group>"; };
		271982B51ADC6C1E00C0FB3C /* SilverSplitViewController.m */ = {isa = PBXFileReference; fileEncoding = 4; lastKnownFileType = sourcecode.c.objc; path = SilverSplitViewController.m; sourceTree = "<group>"; };
		273558131ADB15790059FBE7 /* Digi_Catalogue.app */ = {isa = PBXFileReference; explicitFileType = wrapper.application; includeInIndex = 0; path = Digi_Catalogue.app; sourceTree = BUILT_PRODUCTS_DIR; };
		273558171ADB15790059FBE7 /* Info.plist */ = {isa = PBXFileReference; lastKnownFileType = text.plist.xml; path = Info.plist; sourceTree = "<group>"; };
		273558181ADB15790059FBE7 /* main.m */ = {isa = PBXFileReference; lastKnownFileType = sourcecode.c.objc; path = main.m; sourceTree = "<group>"; };
		2735581E1ADB15790059FBE7 /* Digi_Catalogue.xcdatamodel */ = {isa = PBXFileReference; lastKnownFileType = wrapper.xcdatamodel; path = Digi_Catalogue.xcdatamodel; sourceTree = "<group>"; };
		273558241ADB15790059FBE7 /* Base */ = {isa = PBXFileReference; lastKnownFileType = file.storyboard; name = Base; path = Base.lproj/Main.storyboard; sourceTree = "<group>"; };
		273558261ADB15790059FBE7 /* Images.xcassets */ = {isa = PBXFileReference; lastKnownFileType = folder.assetcatalog; path = Images.xcassets; sourceTree = "<group>"; };
		273558291ADB15790059FBE7 /* Base */ = {isa = PBXFileReference; lastKnownFileType = file.xib; name = Base; path = Base.lproj/LaunchScreen.xib; sourceTree = "<group>"; };
		2735582F1ADB157A0059FBE7 /* Digi_CatalogueTests.xctest */ = {isa = PBXFileReference; explicitFileType = wrapper.cfbundle; includeInIndex = 0; path = Digi_CatalogueTests.xctest; sourceTree = BUILT_PRODUCTS_DIR; };
		273558341ADB157A0059FBE7 /* Info.plist */ = {isa = PBXFileReference; lastKnownFileType = text.plist.xml; path = Info.plist; sourceTree = "<group>"; };
		273558351ADB157A0059FBE7 /* Digi_CatalogueTests.m */ = {isa = PBXFileReference; lastKnownFileType = sourcecode.c.objc; path = Digi_CatalogueTests.m; sourceTree = "<group>"; };
		2747E1171B23675600367B9B /* Jastor.h */ = {isa = PBXFileReference; fileEncoding = 4; lastKnownFileType = sourcecode.c.h; path = Jastor.h; sourceTree = "<group>"; };
		2747E1181B23675600367B9B /* Jastor.m */ = {isa = PBXFileReference; fileEncoding = 4; lastKnownFileType = sourcecode.c.objc; path = Jastor.m; sourceTree = "<group>"; };
		2747E1191B23675600367B9B /* JastorRuntimeHelper.h */ = {isa = PBXFileReference; fileEncoding = 4; lastKnownFileType = sourcecode.c.h; path = JastorRuntimeHelper.h; sourceTree = "<group>"; };
		2747E11A1B23675600367B9B /* JastorRuntimeHelper.m */ = {isa = PBXFileReference; fileEncoding = 4; lastKnownFileType = sourcecode.c.objc; path = JastorRuntimeHelper.m; sourceTree = "<group>"; };
		276E64E31B011035002B1D06 /* FeedBackViewController.h */ = {isa = PBXFileReference; fileEncoding = 4; lastKnownFileType = sourcecode.c.h; path = FeedBackViewController.h; sourceTree = "<group>"; };
		276E64E41B011035002B1D06 /* FeedBackViewController.m */ = {isa = PBXFileReference; fileEncoding = 4; lastKnownFileType = sourcecode.c.objc; path = FeedBackViewController.m; sourceTree = "<group>"; };
		27889B8F1B03ED79000E6717 /* ProductItemCell.h */ = {isa = PBXFileReference; fileEncoding = 4; lastKnownFileType = sourcecode.c.h; path = ProductItemCell.h; sourceTree = "<group>"; };
		27889B901B03ED79000E6717 /* ProductItemCell.m */ = {isa = PBXFileReference; fileEncoding = 4; lastKnownFileType = sourcecode.c.objc; path = ProductItemCell.m; sourceTree = "<group>"; };
		27889B931B040498000E6717 /* DataManager.h */ = {isa = PBXFileReference; fileEncoding = 4; lastKnownFileType = sourcecode.c.h; path = DataManager.h; sourceTree = "<group>"; };
		27889B941B040498000E6717 /* DataManager.m */ = {isa = PBXFileReference; fileEncoding = 4; lastKnownFileType = sourcecode.c.objc; path = DataManager.m; sourceTree = "<group>"; };
		27889B961B0404CB000E6717 /* Constant.h */ = {isa = PBXFileReference; lastKnownFileType = sourcecode.c.h; path = Constant.h; sourceTree = "<group>"; };
		27889B971B040881000E6717 /* SettingViewController.h */ = {isa = PBXFileReference; fileEncoding = 4; lastKnownFileType = sourcecode.c.h; path = SettingViewController.h; sourceTree = "<group>"; };
		27889B981B040881000E6717 /* SettingViewController.m */ = {isa = PBXFileReference; fileEncoding = 4; lastKnownFileType = sourcecode.c.objc; path = SettingViewController.m; sourceTree = "<group>"; };
		279D96311ADD4CEF00124B4C /* SplitViewStoryBoard.storyboard */ = {isa = PBXFileReference; fileEncoding = 4; lastKnownFileType = file.storyboard; path = SplitViewStoryBoard.storyboard; sourceTree = "<group>"; };
		279D96331ADD524000124B4C /* TabBarController.h */ = {isa = PBXFileReference; fileEncoding = 4; lastKnownFileType = sourcecode.c.h; name = TabBarController.h; path = TabBarController/TabBarController.h; sourceTree = "<group>"; };
		279D96341ADD524000124B4C /* TabBarController.m */ = {isa = PBXFileReference; fileEncoding = 4; lastKnownFileType = sourcecode.c.objc; name = TabBarController.m; path = TabBarController/TabBarController.m; sourceTree = "<group>"; };
		279D96371ADD53E900124B4C /* SplitViewController.h */ = {isa = PBXFileReference; fileEncoding = 4; lastKnownFileType = sourcecode.c.h; path = SplitViewController.h; sourceTree = "<group>"; };
		279D96381ADD53E900124B4C /* SplitViewController.m */ = {isa = PBXFileReference; fileEncoding = 4; lastKnownFileType = sourcecode.c.objc; path = SplitViewController.m; sourceTree = "<group>"; };
		27A3DCAB1B1DE56D007807F9 /* ProductDetailStoryboard.storyboard */ = {isa = PBXFileReference; fileEncoding = 4; lastKnownFileType = file.storyboard; path = ProductDetailStoryboard.storyboard; sourceTree = "<group>"; };
		27A3DCAD1B1DE692007807F9 /* ProductDetailViewController.h */ = {isa = PBXFileReference; fileEncoding = 4; lastKnownFileType = sourcecode.c.h; path = ProductDetailViewController.h; sourceTree = "<group>"; };
		27A3DCAE1B1DE692007807F9 /* ProductDetailViewController.m */ = {isa = PBXFileReference; fileEncoding = 4; lastKnownFileType = sourcecode.c.objc; path = ProductDetailViewController.m; sourceTree = "<group>"; };
		27E0F34D1B20AA420011DE82 /* AFNetWorkAPIClient.h */ = {isa = PBXFileReference; fileEncoding = 4; lastKnownFileType = sourcecode.c.h; path = AFNetWorkAPIClient.h; sourceTree = "<group>"; };
		27E0F34E1B20AA420011DE82 /* AFNetWorkAPIClient.m */ = {isa = PBXFileReference; fileEncoding = 4; lastKnownFileType = sourcecode.c.objc; path = AFNetWorkAPIClient.m; sourceTree = "<group>"; };
		27E0F34F1B20AA420011DE82 /* APIBase.h */ = {isa = PBXFileReference; fileEncoding = 4; lastKnownFileType = sourcecode.c.h; path = APIBase.h; sourceTree = "<group>"; };
		27E0F3501B20AA420011DE82 /* APIBase.m */ = {isa = PBXFileReference; fileEncoding = 4; lastKnownFileType = sourcecode.c.objc; path = APIBase.m; sourceTree = "<group>"; };
		27E0F3511B20AA420011DE82 /* APIDefines.h */ = {isa = PBXFileReference; fileEncoding = 4; lastKnownFileType = sourcecode.c.h; path = APIDefines.h; sourceTree = "<group>"; };
		27E0F3531B20AA420011DE82 /* CollectionsApi.h */ = {isa = PBXFileReference; fileEncoding = 4; lastKnownFileType = sourcecode.c.h; path = CollectionsApi.h; sourceTree = "<group>"; };
		27E0F3541B20AA420011DE82 /* CollectionsApi.m */ = {isa = PBXFileReference; fileEncoding = 4; lastKnownFileType = sourcecode.c.objc; path = CollectionsApi.m; sourceTree = "<group>"; };
		27E0F3551B20AA420011DE82 /* CollectionsApiKeys.h */ = {isa = PBXFileReference; fileEncoding = 4; lastKnownFileType = sourcecode.c.h; path = CollectionsApiKeys.h; sourceTree = "<group>"; };
		27E0F3571B20AA420011DE82 /* ForgotPasswordApi.h */ = {isa = PBXFileReference; fileEncoding = 4; lastKnownFileType = sourcecode.c.h; path = ForgotPasswordApi.h; sourceTree = "<group>"; };
		27E0F3581B20AA420011DE82 /* ForgotPasswordApi.m */ = {isa = PBXFileReference; fileEncoding = 4; lastKnownFileType = sourcecode.c.objc; path = ForgotPasswordApi.m; sourceTree = "<group>"; };
		27E0F3591B20AA420011DE82 /* ForgotPasswordApiKey.h */ = {isa = PBXFileReference; fileEncoding = 4; lastKnownFileType = sourcecode.c.h; path = ForgotPasswordApiKey.h; sourceTree = "<group>"; };
		27E0F35B1B20AA420011DE82 /* HelperMethods.h */ = {isa = PBXFileReference; fileEncoding = 4; lastKnownFileType = sourcecode.c.h; path = HelperMethods.h; sourceTree = "<group>"; };
		27E0F35C1B20AA420011DE82 /* HelperMethods.m */ = {isa = PBXFileReference; fileEncoding = 4; lastKnownFileType = sourcecode.c.objc; path = HelperMethods.m; sourceTree = "<group>"; };
		27E0F35E1B20AA420011DE82 /* HomeScreenApi.h */ = {isa = PBXFileReference; fileEncoding = 4; lastKnownFileType = sourcecode.c.h; path = HomeScreenApi.h; sourceTree = "<group>"; };
		27E0F35F1B20AA420011DE82 /* HomeScreenApi.m */ = {isa = PBXFileReference; fileEncoding = 4; lastKnownFileType = sourcecode.c.objc; path = HomeScreenApi.m; sourceTree = "<group>"; };
		27E0F3601B20AA420011DE82 /* HomeScreenApiKeys.h */ = {isa = PBXFileReference; fileEncoding = 4; lastKnownFileType = sourcecode.c.h; path = HomeScreenApiKeys.h; sourceTree = "<group>"; };
		27E0F3611B20AA420011DE82 /* HomeScreenDetails.h */ = {isa = PBXFileReference; fileEncoding = 4; lastKnownFileType = sourcecode.c.h; path = HomeScreenDetails.h; sourceTree = "<group>"; };
		27E0F3621B20AA420011DE82 /* HomeScreenDetails.m */ = {isa = PBXFileReference; fileEncoding = 4; lastKnownFileType = sourcecode.c.objc; path = HomeScreenDetails.m; sourceTree = "<group>"; };
		27E0F3641B20AA420011DE82 /* LoadingLogic.h */ = {isa = PBXFileReference; fileEncoding = 4; lastKnownFileType = sourcecode.c.h; path = LoadingLogic.h; sourceTree = "<group>"; };
		27E0F3651B20AA420011DE82 /* LoadingLogic.m */ = {isa = PBXFileReference; fileEncoding = 4; lastKnownFileType = sourcecode.c.objc; path = LoadingLogic.m; sourceTree = "<group>"; };
		27E0F3671B20AA420011DE82 /* LoginApi.h */ = {isa = PBXFileReference; fileEncoding = 4; lastKnownFileType = sourcecode.c.h; path = LoginApi.h; sourceTree = "<group>"; };
		27E0F3681B20AA420011DE82 /* LoginApi.m */ = {isa = PBXFileReference; fileEncoding = 4; lastKnownFileType = sourcecode.c.objc; path = LoginApi.m; sourceTree = "<group>"; };
		27E0F3691B20AA420011DE82 /* LoginApiKeys.h */ = {isa = PBXFileReference; fileEncoding = 4; lastKnownFileType = sourcecode.c.h; path = LoginApiKeys.h; sourceTree = "<group>"; };
		27E0F36A1B20AA420011DE82 /* LoginDetails.h */ = {isa = PBXFileReference; fileEncoding = 4; lastKnownFileType = sourcecode.c.h; path = LoginDetails.h; sourceTree = "<group>"; };
		27E0F36B1B20AA420011DE82 /* LoginDetails.m */ = {isa = PBXFileReference; fileEncoding = 4; lastKnownFileType = sourcecode.c.objc; path = LoginDetails.m; sourceTree = "<group>"; };
		27E0F36D1B20AA420011DE82 /* OffersApi.h */ = {isa = PBXFileReference; fileEncoding = 4; lastKnownFileType = sourcecode.c.h; path = OffersApi.h; sourceTree = "<group>"; };
		27E0F36E1B20AA420011DE82 /* OffersApi.m */ = {isa = PBXFileReference; fileEncoding = 4; lastKnownFileType = sourcecode.c.objc; path = OffersApi.m; sourceTree = "<group>"; };
		27E0F36F1B20AA420011DE82 /* OffersApiKeys.h */ = {isa = PBXFileReference; fileEncoding = 4; lastKnownFileType = sourcecode.c.h; path = OffersApiKeys.h; sourceTree = "<group>"; };
		27E0F3701B20AA420011DE82 /* OffersDetails.h */ = {isa = PBXFileReference; fileEncoding = 4; lastKnownFileType = sourcecode.c.h; path = OffersDetails.h; sourceTree = "<group>"; };
		27E0F3711B20AA420011DE82 /* OffersDetails.m */ = {isa = PBXFileReference; fileEncoding = 4; lastKnownFileType = sourcecode.c.objc; path = OffersDetails.m; sourceTree = "<group>"; };
		27E0F3731B20AA420011DE82 /* ParserUtility.h */ = {isa = PBXFileReference; fileEncoding = 4; lastKnownFileType = sourcecode.c.h; path = ParserUtility.h; sourceTree = "<group>"; };
		27E0F3741B20AA420011DE82 /* ParserUtility.m */ = {isa = PBXFileReference; fileEncoding = 4; lastKnownFileType = sourcecode.c.objc; path = ParserUtility.m; sourceTree = "<group>"; };
		27E0F3761B20AA420011DE82 /* CollectionListOfItems.h */ = {isa = PBXFileReference; fileEncoding = 4; lastKnownFileType = sourcecode.c.h; path = CollectionListOfItems.h; sourceTree = "<group>"; };
		27E0F3771B20AA420011DE82 /* CollectionListOfItems.m */ = {isa = PBXFileReference; fileEncoding = 4; lastKnownFileType = sourcecode.c.objc; path = CollectionListOfItems.m; sourceTree = "<group>"; };
		27E0F37B1B20AA420011DE82 /* ListOfItems.h */ = {isa = PBXFileReference; fileEncoding = 4; lastKnownFileType = sourcecode.c.h; path = ListOfItems.h; sourceTree = "<group>"; };
		27E0F37C1B20AA420011DE82 /* ListOfItems.m */ = {isa = PBXFileReference; fileEncoding = 4; lastKnownFileType = sourcecode.c.objc; path = ListOfItems.m; sourceTree = "<group>"; };
		27E0F37D1B20AA420011DE82 /* Products.h */ = {isa = PBXFileReference; fileEncoding = 4; lastKnownFileType = sourcecode.c.h; path = Products.h; sourceTree = "<group>"; };
		27E0F37E1B20AA420011DE82 /* Products.m */ = {isa = PBXFileReference; fileEncoding = 4; lastKnownFileType = sourcecode.c.objc; path = Products.m; sourceTree = "<group>"; };
		27E0F3801B20AA420011DE82 /* Reachability.h */ = {isa = PBXFileReference; fileEncoding = 4; lastKnownFileType = sourcecode.c.h; path = Reachability.h; sourceTree = "<group>"; };
		27E0F3811B20AA420011DE82 /* Reachability.m */ = {isa = PBXFileReference; fileEncoding = 4; lastKnownFileType = sourcecode.c.objc; path = Reachability.m; sourceTree = "<group>"; };
		27E0F3831B20AA420011DE82 /* SignUpApi.h */ = {isa = PBXFileReference; fileEncoding = 4; lastKnownFileType = sourcecode.c.h; path = SignUpApi.h; sourceTree = "<group>"; };
		27E0F3841B20AA420011DE82 /* SignUpApi.m */ = {isa = PBXFileReference; fileEncoding = 4; lastKnownFileType = sourcecode.c.objc; path = SignUpApi.m; sourceTree = "<group>"; };
		27E0F3851B20AA420011DE82 /* SignUpApiKeys.h */ = {isa = PBXFileReference; fileEncoding = 4; lastKnownFileType = sourcecode.c.h; path = SignUpApiKeys.h; sourceTree = "<group>"; };
		27E0F3861B20AA420011DE82 /* SignUpDetails.h */ = {isa = PBXFileReference; fileEncoding = 4; lastKnownFileType = sourcecode.c.h; path = SignUpDetails.h; sourceTree = "<group>"; };
		27E0F3871B20AA420011DE82 /* SignUpDetails.m */ = {isa = PBXFileReference; fileEncoding = 4; lastKnownFileType = sourcecode.c.objc; path = SignUpDetails.m; sourceTree = "<group>"; };
		27E0F3891B20AA420011DE82 /* ValidateApi.h */ = {isa = PBXFileReference; fileEncoding = 4; lastKnownFileType = sourcecode.c.h; path = ValidateApi.h; sourceTree = "<group>"; };
		27E0F38A1B20AA420011DE82 /* ValidateApi.m */ = {isa = PBXFileReference; fileEncoding = 4; lastKnownFileType = sourcecode.c.objc; path = ValidateApi.m; sourceTree = "<group>"; };
		27E0F38C1B20AA430011DE82 /* WebService.h */ = {isa = PBXFileReference; fileEncoding = 4; lastKnownFileType = sourcecode.c.h; path = WebService.h; sourceTree = "<group>"; };
		27E0F38D1B20AA430011DE82 /* WebService.m */ = {isa = PBXFileReference; fileEncoding = 4; lastKnownFileType = sourcecode.c.objc; path = WebService.m; sourceTree = "<group>"; };
		27E0F3A51B20AA910011DE82 /* Items.h */ = {isa = PBXFileReference; fileEncoding = 4; lastKnownFileType = sourcecode.c.h; path = Items.h; sourceTree = "<group>"; };
		27E0F3A61B20AA910011DE82 /* Items.m */ = {isa = PBXFileReference; fileEncoding = 4; lastKnownFileType = sourcecode.c.objc; path = Items.m; sourceTree = "<group>"; };
		27E0F3B11B20B14B0011DE82 /* Cache.h */ = {isa = PBXFileReference; fileEncoding = 4; lastKnownFileType = sourcecode.c.h; path = Cache.h; sourceTree = "<group>"; };
		27E0F3B21B20B14B0011DE82 /* Cache.m */ = {isa = PBXFileReference; fileEncoding = 4; lastKnownFileType = sourcecode.c.objc; path = Cache.m; sourceTree = "<group>"; };
		27E0F3B31B20B14B0011DE82 /* DataStorage.h */ = {isa = PBXFileReference; fileEncoding = 4; lastKnownFileType = sourcecode.c.h; path = DataStorage.h; sourceTree = "<group>"; };
		27E0F3B41B20B14B0011DE82 /* DataStorage.m */ = {isa = PBXFileReference; fileEncoding = 4; lastKnownFileType = sourcecode.c.objc; path = DataStorage.m; sourceTree = "<group>"; };
		27E0F3B51B20B14B0011DE82 /* DataUtility.h */ = {isa = PBXFileReference; fileEncoding = 4; lastKnownFileType = sourcecode.c.h; path = DataUtility.h; sourceTree = "<group>"; };
		27E0F3B61B20B14B0011DE82 /* DataUtility.m */ = {isa = PBXFileReference; fileEncoding = 4; lastKnownFileType = sourcecode.c.objc; path = DataUtility.m; sourceTree = "<group>"; };
		27E0F3B91B20B14B0011DE82 /* PICoreDataManager.h */ = {isa = PBXFileReference; fileEncoding = 4; lastKnownFileType = sourcecode.c.h; path = PICoreDataManager.h; sourceTree = "<group>"; };
		27E0F3BA1B20B14B0011DE82 /* PICoreDataManager.m */ = {isa = PBXFileReference; fileEncoding = 4; lastKnownFileType = sourcecode.c.objc; path = PICoreDataManager.m; sourceTree = "<group>"; };
		27E523531AF0078700D33D67 /* MZLoadingCircle.h */ = {isa = PBXFileReference; fileEncoding = 4; lastKnownFileType = sourcecode.c.h; path = MZLoadingCircle.h; sourceTree = "<group>"; };
		27E523541AF0078700D33D67 /* MZLoadingCircle.m */ = {isa = PBXFileReference; fileEncoding = 4; lastKnownFileType = sourcecode.c.objc; path = MZLoadingCircle.m; sourceTree = "<group>"; };
		27E523551AF0078700D33D67 /* FXImageView.h */ = {isa = PBXFileReference; fileEncoding = 4; lastKnownFileType = sourcecode.c.h; path = FXImageView.h; sourceTree = "<group>"; };
		27E523561AF0078700D33D67 /* FXImageView.m */ = {isa = PBXFileReference; fileEncoding = 4; lastKnownFileType = sourcecode.c.objc; path = FXImageView.m; sourceTree = "<group>"; };
		27E523571AF0078700D33D67 /* UIImage+FX.h */ = {isa = PBXFileReference; fileEncoding = 4; lastKnownFileType = sourcecode.c.h; path = "UIImage+FX.h"; sourceTree = "<group>"; };
		27E523581AF0078700D33D67 /* UIImage+FX.m */ = {isa = PBXFileReference; fileEncoding = 4; lastKnownFileType = sourcecode.c.objc; path = "UIImage+FX.m"; sourceTree = "<group>"; };
		27E523591AF0078700D33D67 /* Flickr.h */ = {isa = PBXFileReference; fileEncoding = 4; lastKnownFileType = sourcecode.c.h; path = Flickr.h; sourceTree = "<group>"; };
		27E5235A1AF0078700D33D67 /* Flickr.m */ = {isa = PBXFileReference; fileEncoding = 4; lastKnownFileType = sourcecode.c.objc; path = Flickr.m; sourceTree = "<group>"; };
		27E5235B1AF0078700D33D67 /* FlickrPhoto.h */ = {isa = PBXFileReference; fileEncoding = 4; lastKnownFileType = sourcecode.c.h; path = FlickrPhoto.h; sourceTree = "<group>"; };
		27E5235C1AF0078700D33D67 /* FlickrPhoto.m */ = {isa = PBXFileReference; fileEncoding = 4; lastKnownFileType = sourcecode.c.objc; path = FlickrPhoto.m; sourceTree = "<group>"; };
		27E5235D1AF0078700D33D67 /* BDUtility.h */ = {isa = PBXFileReference; fileEncoding = 4; lastKnownFileType = sourcecode.c.h; path = BDUtility.h; sourceTree = "<group>"; };
		27E5235E1AF0078700D33D67 /* BDUtility.m */ = {isa = PBXFileReference; fileEncoding = 4; lastKnownFileType = sourcecode.c.objc; path = BDUtility.m; sourceTree = "<group>"; };
		2A3C61C49C86139F53D20662 /* Pods-Digi_Catalogue.release.xcconfig */ = {isa = PBXFileReference; includeInIndex = 1; lastKnownFileType = text.xcconfig; name = "Pods-Digi_Catalogue.release.xcconfig"; path = "Pods/Target Support Files/Pods-Digi_Catalogue/Pods-Digi_Catalogue.release.xcconfig"; sourceTree = "<group>"; };
		9C85759F3EC94C322556F15E /* libPods-Digi_Catalogue.a */ = {isa = PBXFileReference; explicitFileType = archive.ar; includeInIndex = 0; path = "libPods-Digi_Catalogue.a"; sourceTree = BUILT_PRODUCTS_DIR; };
		F782133962FD67B9752755ED /* Pods-Digi_Catalogue.debug.xcconfig */ = {isa = PBXFileReference; includeInIndex = 1; lastKnownFileType = text.xcconfig; name = "Pods-Digi_Catalogue.debug.xcconfig"; path = "Pods/Target Support Files/Pods-Digi_Catalogue/Pods-Digi_Catalogue.debug.xcconfig"; sourceTree = "<group>"; };
/* End PBXFileReference section */

/* Begin PBXFrameworksBuildPhase section */
		273558101ADB15790059FBE7 /* Frameworks */ = {
			isa = PBXFrameworksBuildPhase;
			buildActionMask = 2147483647;
			files = (
				C873D439610A3612B8A28159 /* libPods-Digi_Catalogue.a in Frameworks */,
			);
			runOnlyForDeploymentPostprocessing = 0;
		};
		2735582C1ADB157A0059FBE7 /* Frameworks */ = {
			isa = PBXFrameworksBuildPhase;
			buildActionMask = 2147483647;
			files = (
			);
			runOnlyForDeploymentPostprocessing = 0;
		};
/* End PBXFrameworksBuildPhase section */

/* Begin PBXGroup section */
		261EDA26FB6BD42C1302E23D /* Pods */ = {
			isa = PBXGroup;
			children = (
				F782133962FD67B9752755ED /* Pods-Digi_Catalogue.debug.xcconfig */,
				2A3C61C49C86139F53D20662 /* Pods-Digi_Catalogue.release.xcconfig */,
			);
			name = Pods;
			sourceTree = "<group>";
		};
		270066B21ADCF45E0070BCB2 /* Category */ = {
			isa = PBXGroup;
			children = (
				270066B31ADCF4850070BCB2 /* UIImage+ProportionalFill.h */,
				270066B41ADCF48A0070BCB2 /* UIImage+ProportionalFill.m */,
				27E523531AF0078700D33D67 /* MZLoadingCircle.h */,
				27E523541AF0078700D33D67 /* MZLoadingCircle.m */,
				27E523551AF0078700D33D67 /* FXImageView.h */,
				27E523561AF0078700D33D67 /* FXImageView.m */,
				27E523571AF0078700D33D67 /* UIImage+FX.h */,
				27E523581AF0078700D33D67 /* UIImage+FX.m */,
				27E523591AF0078700D33D67 /* Flickr.h */,
				27E5235A1AF0078700D33D67 /* Flickr.m */,
				27E5235B1AF0078700D33D67 /* FlickrPhoto.h */,
				27E5235C1AF0078700D33D67 /* FlickrPhoto.m */,
				27E5235D1AF0078700D33D67 /* BDUtility.h */,
				27E5235E1AF0078700D33D67 /* BDUtility.m */,
			);
			path = Category;
			sourceTree = "<group>";
		};
		271982501ADC3CF200C0FB3C /* AppDelegate */ = {
			isa = PBXGroup;
			children = (
				271982511ADC3CF200C0FB3C /* AppDelegate.h */,
				271982521ADC3CF200C0FB3C /* AppDelegate.m */,
			);
			path = AppDelegate;
			sourceTree = "<group>";
		};
		271982531ADC3CF200C0FB3C /* BaseViewController */ = {
			isa = PBXGroup;
			children = (
				271982541ADC3CF200C0FB3C /* BaseViewController.h */,
				271982551ADC3CF200C0FB3C /* BaseViewController.m */,
			);
			path = BaseViewController;
			sourceTree = "<group>";
		};
		271982561ADC3CF200C0FB3C /* ViewControllers */ = {
			isa = PBXGroup;
			children = (
				2719829E1ADC6C1D00C0FB3C /* HomeViewController */,
				271982A11ADC6C1E00C0FB3C /* LoginViewController */,
				279D96361ADD524D00124B4C /* TabBarController */,
				271982A71ADC6C1E00C0FB3C /* ProductCollectionView */,
				2719829B1ADC6C1D00C0FB3C /* GoldViewController */,
				271982981ADC6C1D00C0FB3C /* DiamondViewController */,
				271982A41ADC6C1E00C0FB3C /* PlatinumViewController */,
				271982B01ADC6C1E00C0FB3C /* SettingViewController */,
				271982B31ADC6C1E00C0FB3C /* SilverViewController */,
				276E64E21B01100C002B1D06 /* FeedBackViewController */,
			);
			path = ViewControllers;
			sourceTree = "<group>";
		};
		271982591ADC3D0000C0FB3C /* StoryBoard */ = {
			isa = PBXGroup;
			children = (
				273558231ADB15790059FBE7 /* Main.storyboard */,
				273558281ADB15790059FBE7 /* LaunchScreen.xib */,
				279D96311ADD4CEF00124B4C /* SplitViewStoryBoard.storyboard */,
				27A3DCAB1B1DE56D007807F9 /* ProductDetailStoryboard.storyboard */,
			);
			name = StoryBoard;
			sourceTree = "<group>";
		};
		2719825D1ADC45C800C0FB3C /* Banners */ = {
			isa = PBXGroup;
			children = (
				2719825E1ADC45C800C0FB3C /* banner1.png */,
				2719825F1ADC45C800C0FB3C /* banner1@2x.png */,
				271982601ADC45C800C0FB3C /* banner2.png */,
				271982611ADC45C800C0FB3C /* banner2@2x.png */,
				271982621ADC45C800C0FB3C /* banner3.png */,
				271982631ADC45C800C0FB3C /* banner3@2x.png */,
				271982641ADC45C800C0FB3C /* banner4.png */,
				271982651ADC45C800C0FB3C /* banner4@2x.png */,
				271982661ADC45C800C0FB3C /* banner5.png */,
				271982671ADC45C800C0FB3C /* banner5@2x.png */,
				271982681ADC45C800C0FB3C /* banner6.png */,
				271982691ADC45C800C0FB3C /* banner6@2x.png */,
				271982791ADC4F9B00C0FB3C /* mod.png */,
				2719827A1ADC4F9B00C0FB3C /* mod@2x.png */,
			);
			path = Banners;
			sourceTree = "<group>";
		};
		271982981ADC6C1D00C0FB3C /* DiamondViewController */ = {
			isa = PBXGroup;
			children = (
				271982991ADC6C1D00C0FB3C /* DiamondSplitViewController.h */,
				2719829A1ADC6C1D00C0FB3C /* DiamondSplitViewController.m */,
			);
			path = DiamondViewController;
			sourceTree = "<group>";
		};
		2719829B1ADC6C1D00C0FB3C /* GoldViewController */ = {
			isa = PBXGroup;
			children = (
				2719829C1ADC6C1D00C0FB3C /* GoldSplitViewController.h */,
				2719829D1ADC6C1D00C0FB3C /* GoldSplitViewController.m */,
			);
			path = GoldViewController;
			sourceTree = "<group>";
		};
		2719829E1ADC6C1D00C0FB3C /* HomeViewController */ = {
			isa = PBXGroup;
			children = (
				2719829F1ADC6C1D00C0FB3C /* HomeViewController.h */,
				271982A01ADC6C1E00C0FB3C /* HomeViewController.m */,
			);
			path = HomeViewController;
			sourceTree = "<group>";
		};
		271982A11ADC6C1E00C0FB3C /* LoginViewController */ = {
			isa = PBXGroup;
			children = (
				271982A21ADC6C1E00C0FB3C /* LoginViewController.h */,
				271982A31ADC6C1E00C0FB3C /* LoginViewController.m */,
			);
			path = LoginViewController;
			sourceTree = "<group>";
		};
		271982A41ADC6C1E00C0FB3C /* PlatinumViewController */ = {
			isa = PBXGroup;
			children = (
				271982A51ADC6C1E00C0FB3C /* PlatinumSplitViewController.h */,
				271982A61ADC6C1E00C0FB3C /* PlatinumSplitViewController.m */,
			);
			path = PlatinumViewController;
			sourceTree = "<group>";
		};
		271982A71ADC6C1E00C0FB3C /* ProductCollectionView */ = {
			isa = PBXGroup;
			children = (
				27889B8F1B03ED79000E6717 /* ProductItemCell.h */,
				27889B901B03ED79000E6717 /* ProductItemCell.m */,
				271982AA1ADC6C1E00C0FB3C /* ProductCategoryListViewController.h */,
				271982AB1ADC6C1E00C0FB3C /* ProductCategoryListViewController.m */,
				271982A81ADC6C1E00C0FB3C /* GalleryItemCollectionViewCell.h */,
				271982A91ADC6C1E00C0FB3C /* GalleryItemCollectionViewCell.m */,
				271982AC1ADC6C1E00C0FB3C /* ProductCollectionView.h */,
				271982AD1ADC6C1E00C0FB3C /* ProductCollectionView.m */,
				271982AE1ADC6C1E00C0FB3C /* ProductListTableViewCell.h */,
				271982AF1ADC6C1E00C0FB3C /* ProductListTableViewCell.m */,
				279D96371ADD53E900124B4C /* SplitViewController.h */,
				279D96381ADD53E900124B4C /* SplitViewController.m */,
				27A3DCAD1B1DE692007807F9 /* ProductDetailViewController.h */,
				27A3DCAE1B1DE692007807F9 /* ProductDetailViewController.m */,
			);
			path = ProductCollectionView;
			sourceTree = "<group>";
		};
		271982B01ADC6C1E00C0FB3C /* SettingViewController */ = {
			isa = PBXGroup;
			children = (
				27889B971B040881000E6717 /* SettingViewController.h */,
				27889B981B040881000E6717 /* SettingViewController.m */,
			);
			path = SettingViewController;
			sourceTree = "<group>";
		};
		271982B31ADC6C1E00C0FB3C /* SilverViewController */ = {
			isa = PBXGroup;
			children = (
				271982B41ADC6C1E00C0FB3C /* SilverSplitViewController.h */,
				271982B51ADC6C1E00C0FB3C /* SilverSplitViewController.m */,
			);
			path = SilverViewController;
			sourceTree = "<group>";
		};
		2735580A1ADB15790059FBE7 = {
			isa = PBXGroup;
			children = (
				273558151ADB15790059FBE7 /* Digi_Catalogue */,
				273558321ADB157A0059FBE7 /* Digi_CatalogueTests */,
				273558141ADB15790059FBE7 /* Products */,
				261EDA26FB6BD42C1302E23D /* Pods */,
				CBDD311E88ED3504017E0E5C /* Frameworks */,
			);
			sourceTree = "<group>";
		};
		273558141ADB15790059FBE7 /* Products */ = {
			isa = PBXGroup;
			children = (
				273558131ADB15790059FBE7 /* Digi_Catalogue.app */,
				2735582F1ADB157A0059FBE7 /* Digi_CatalogueTests.xctest */,
			);
			name = Products;
			sourceTree = "<group>";
		};
		273558151ADB15790059FBE7 /* Digi_Catalogue */ = {
			isa = PBXGroup;
			children = (
				27E0F3071B20A86C0011DE82 /* Network */,
				27889B921B040474000E6717 /* UtilityClass */,
				270066B21ADCF45E0070BCB2 /* Category */,
				271982591ADC3D0000C0FB3C /* StoryBoard */,
				271982501ADC3CF200C0FB3C /* AppDelegate */,
				271982531ADC3CF200C0FB3C /* BaseViewController */,
				271982561ADC3CF200C0FB3C /* ViewControllers */,
				273558261ADB15790059FBE7 /* Images.xcassets */,
				2735581D1ADB15790059FBE7 /* Digi_Catalogue.xcdatamodeld */,
				273558161ADB15790059FBE7 /* Supporting Files */,
			);
			path = Digi_Catalogue;
			sourceTree = "<group>";
		};
		273558161ADB15790059FBE7 /* Supporting Files */ = {
			isa = PBXGroup;
			children = (
				2719825D1ADC45C800C0FB3C /* Banners */,
				273558171ADB15790059FBE7 /* Info.plist */,
				273558181ADB15790059FBE7 /* main.m */,
			);
			name = "Supporting Files";
			sourceTree = "<group>";
		};
		273558321ADB157A0059FBE7 /* Digi_CatalogueTests */ = {
			isa = PBXGroup;
			children = (
				273558351ADB157A0059FBE7 /* Digi_CatalogueTests.m */,
				273558331ADB157A0059FBE7 /* Supporting Files */,
			);
			path = Digi_CatalogueTests;
			sourceTree = "<group>";
		};
		273558331ADB157A0059FBE7 /* Supporting Files */ = {
			isa = PBXGroup;
			children = (
				273558341ADB157A0059FBE7 /* Info.plist */,
			);
			name = "Supporting Files";
			sourceTree = "<group>";
		};
		276E64E21B01100C002B1D06 /* FeedBackViewController */ = {
			isa = PBXGroup;
			children = (
				276E64E31B011035002B1D06 /* FeedBackViewController.h */,
				276E64E41B011035002B1D06 /* FeedBackViewController.m */,
			);
			path = FeedBackViewController;
			sourceTree = "<group>";
		};
		27889B921B040474000E6717 /* UtilityClass */ = {
			isa = PBXGroup;
			children = (
				27E0F3B11B20B14B0011DE82 /* Cache.h */,
				27E0F3B21B20B14B0011DE82 /* Cache.m */,
				27E0F3B31B20B14B0011DE82 /* DataStorage.h */,
				27E0F3B41B20B14B0011DE82 /* DataStorage.m */,
				27E0F3B51B20B14B0011DE82 /* DataUtility.h */,
				27E0F3B61B20B14B0011DE82 /* DataUtility.m */,
				27E0F3B91B20B14B0011DE82 /* PICoreDataManager.h */,
				27E0F3BA1B20B14B0011DE82 /* PICoreDataManager.m */,
				27889B931B040498000E6717 /* DataManager.h */,
				27889B941B040498000E6717 /* DataManager.m */,
				27889B961B0404CB000E6717 /* Constant.h */,
			);
			path = UtilityClass;
			sourceTree = "<group>";
		};
		279D96361ADD524D00124B4C /* TabBarController */ = {
			isa = PBXGroup;
			children = (
				279D96331ADD524000124B4C /* TabBarController.h */,
				279D96341ADD524000124B4C /* TabBarController.m */,
			);
			name = TabBarController;
			sourceTree = "<group>";
		};
		27E0F3071B20A86C0011DE82 /* Network */ = {
			isa = PBXGroup;
			children = (
				27E0F3AA1B20B0480011DE82 /* Jastor */,
				27E0F3A41B20AA910011DE82 /* ItemsApi */,
				27E0F34C1B20AA420011DE82 /* ApiBase */,
				27E0F3521B20AA420011DE82 /* CollectionApi */,
				27E0F3561B20AA420011DE82 /* ForgotPasswordApi */,
				27E0F35A1B20AA420011DE82 /* HelperMethods */,
				27E0F35D1B20AA420011DE82 /* HomeScreenApi */,
				27E0F3631B20AA420011DE82 /* LoadingLogic */,
				27E0F3661B20AA420011DE82 /* LoginApi */,
				27E0F36C1B20AA420011DE82 /* OffersApiObjects */,
				27E0F3721B20AA420011DE82 /* ParseUtility */,
				27E0F3751B20AA420011DE82 /* ProductsApi */,
				27E0F37F1B20AA420011DE82 /* Reachability */,
				27E0F3821B20AA420011DE82 /* SignupApi */,
				27E0F3881B20AA420011DE82 /* ValidateApi */,
				27E0F38B1B20AA420011DE82 /* WebService */,
			);
			path = Network;
			sourceTree = "<group>";
		};
		27E0F34C1B20AA420011DE82 /* ApiBase */ = {
			isa = PBXGroup;
			children = (
				27E0F34D1B20AA420011DE82 /* AFNetWorkAPIClient.h */,
				27E0F34E1B20AA420011DE82 /* AFNetWorkAPIClient.m */,
				27E0F34F1B20AA420011DE82 /* APIBase.h */,
				27E0F3501B20AA420011DE82 /* APIBase.m */,
				27E0F3511B20AA420011DE82 /* APIDefines.h */,
			);
			path = ApiBase;
			sourceTree = "<group>";
		};
		27E0F3521B20AA420011DE82 /* CollectionApi */ = {
			isa = PBXGroup;
			children = (
				27E0F3531B20AA420011DE82 /* CollectionsApi.h */,
				27E0F3541B20AA420011DE82 /* CollectionsApi.m */,
				27E0F3551B20AA420011DE82 /* CollectionsApiKeys.h */,
			);
			path = CollectionApi;
			sourceTree = "<group>";
		};
		27E0F3561B20AA420011DE82 /* ForgotPasswordApi */ = {
			isa = PBXGroup;
			children = (
				27E0F3571B20AA420011DE82 /* ForgotPasswordApi.h */,
				27E0F3581B20AA420011DE82 /* ForgotPasswordApi.m */,
				27E0F3591B20AA420011DE82 /* ForgotPasswordApiKey.h */,
			);
			path = ForgotPasswordApi;
			sourceTree = "<group>";
		};
		27E0F35A1B20AA420011DE82 /* HelperMethods */ = {
			isa = PBXGroup;
			children = (
				27E0F35B1B20AA420011DE82 /* HelperMethods.h */,
				27E0F35C1B20AA420011DE82 /* HelperMethods.m */,
			);
			path = HelperMethods;
			sourceTree = "<group>";
		};
		27E0F35D1B20AA420011DE82 /* HomeScreenApi */ = {
			isa = PBXGroup;
			children = (
				27E0F35E1B20AA420011DE82 /* HomeScreenApi.h */,
				27E0F35F1B20AA420011DE82 /* HomeScreenApi.m */,
				27E0F3601B20AA420011DE82 /* HomeScreenApiKeys.h */,
				27E0F3611B20AA420011DE82 /* HomeScreenDetails.h */,
				27E0F3621B20AA420011DE82 /* HomeScreenDetails.m */,
			);
			path = HomeScreenApi;
			sourceTree = "<group>";
		};
		27E0F3631B20AA420011DE82 /* LoadingLogic */ = {
			isa = PBXGroup;
			children = (
				27E0F3641B20AA420011DE82 /* LoadingLogic.h */,
				27E0F3651B20AA420011DE82 /* LoadingLogic.m */,
			);
			path = LoadingLogic;
			sourceTree = "<group>";
		};
		27E0F3661B20AA420011DE82 /* LoginApi */ = {
			isa = PBXGroup;
			children = (
				27E0F3671B20AA420011DE82 /* LoginApi.h */,
				27E0F3681B20AA420011DE82 /* LoginApi.m */,
				27E0F3691B20AA420011DE82 /* LoginApiKeys.h */,
				27E0F36A1B20AA420011DE82 /* LoginDetails.h */,
				27E0F36B1B20AA420011DE82 /* LoginDetails.m */,
			);
			path = LoginApi;
			sourceTree = "<group>";
		};
		27E0F36C1B20AA420011DE82 /* OffersApiObjects */ = {
			isa = PBXGroup;
			children = (
				27E0F36D1B20AA420011DE82 /* OffersApi.h */,
				27E0F36E1B20AA420011DE82 /* OffersApi.m */,
				27E0F36F1B20AA420011DE82 /* OffersApiKeys.h */,
				27E0F3701B20AA420011DE82 /* OffersDetails.h */,
				27E0F3711B20AA420011DE82 /* OffersDetails.m */,
			);
			path = OffersApiObjects;
			sourceTree = "<group>";
		};
		27E0F3721B20AA420011DE82 /* ParseUtility */ = {
			isa = PBXGroup;
			children = (
				27E0F3731B20AA420011DE82 /* ParserUtility.h */,
				27E0F3741B20AA420011DE82 /* ParserUtility.m */,
			);
			path = ParseUtility;
			sourceTree = "<group>";
		};
		27E0F3751B20AA420011DE82 /* ProductsApi */ = {
			isa = PBXGroup;
			children = (
				27E0F3761B20AA420011DE82 /* CollectionListOfItems.h */,
				27E0F3771B20AA420011DE82 /* CollectionListOfItems.m */,
				27E0F37B1B20AA420011DE82 /* ListOfItems.h */,
				27E0F37C1B20AA420011DE82 /* ListOfItems.m */,
				27E0F37D1B20AA420011DE82 /* Products.h */,
				27E0F37E1B20AA420011DE82 /* Products.m */,
			);
			path = ProductsApi;
			sourceTree = "<group>";
		};
		27E0F37F1B20AA420011DE82 /* Reachability */ = {
			isa = PBXGroup;
			children = (
				27E0F3801B20AA420011DE82 /* Reachability.h */,
				27E0F3811B20AA420011DE82 /* Reachability.m */,
			);
			path = Reachability;
			sourceTree = "<group>";
		};
		27E0F3821B20AA420011DE82 /* SignupApi */ = {
			isa = PBXGroup;
			children = (
				27E0F3831B20AA420011DE82 /* SignUpApi.h */,
				27E0F3841B20AA420011DE82 /* SignUpApi.m */,
				27E0F3851B20AA420011DE82 /* SignUpApiKeys.h */,
				27E0F3861B20AA420011DE82 /* SignUpDetails.h */,
				27E0F3871B20AA420011DE82 /* SignUpDetails.m */,
			);
			path = SignupApi;
			sourceTree = "<group>";
		};
		27E0F3881B20AA420011DE82 /* ValidateApi */ = {
			isa = PBXGroup;
			children = (
				27E0F3891B20AA420011DE82 /* ValidateApi.h */,
				27E0F38A1B20AA420011DE82 /* ValidateApi.m */,
			);
			path = ValidateApi;
			sourceTree = "<group>";
		};
		27E0F38B1B20AA420011DE82 /* WebService */ = {
			isa = PBXGroup;
			children = (
				27E0F38C1B20AA430011DE82 /* WebService.h */,
				27E0F38D1B20AA430011DE82 /* WebService.m */,
			);
			path = WebService;
			sourceTree = "<group>";
		};
		27E0F3A41B20AA910011DE82 /* ItemsApi */ = {
			isa = PBXGroup;
			children = (
				27E0F3A51B20AA910011DE82 /* Items.h */,
				27E0F3A61B20AA910011DE82 /* Items.m */,
			);
			path = ItemsApi;
			sourceTree = "<group>";
		};
		27E0F3AA1B20B0480011DE82 /* Jastor */ = {
			isa = PBXGroup;
			children = (
				2747E1171B23675600367B9B /* Jastor.h */,
				2747E1181B23675600367B9B /* Jastor.m */,
				2747E1191B23675600367B9B /* JastorRuntimeHelper.h */,
				2747E11A1B23675600367B9B /* JastorRuntimeHelper.m */,
			);
			path = Jastor;
			sourceTree = "<group>";
		};
		CBDD311E88ED3504017E0E5C /* Frameworks */ = {
			isa = PBXGroup;
			children = (
				9C85759F3EC94C322556F15E /* libPods-Digi_Catalogue.a */,
			);
			name = Frameworks;
			sourceTree = "<group>";
		};
/* End PBXGroup section */

/* Begin PBXNativeTarget section */
		273558121ADB15790059FBE7 /* Digi_Catalogue */ = {
			isa = PBXNativeTarget;
			buildConfigurationList = 273558391ADB157A0059FBE7 /* Build configuration list for PBXNativeTarget "Digi_Catalogue" */;
			buildPhases = (
				939484D0A4C4F98162E74D3B /* Check Pods Manifest.lock */,
				2735580F1ADB15790059FBE7 /* Sources */,
				273558101ADB15790059FBE7 /* Frameworks */,
				273558111ADB15790059FBE7 /* Resources */,
				2B8E989ADF810918C9A1A1BE /* Copy Pods Resources */,
			);
			buildRules = (
			);
			dependencies = (
			);
			name = Digi_Catalogue;
			productName = Digi_Catalogue;
			productReference = 273558131ADB15790059FBE7 /* Digi_Catalogue.app */;
			productType = "com.apple.product-type.application";
		};
		2735582E1ADB157A0059FBE7 /* Digi_CatalogueTests */ = {
			isa = PBXNativeTarget;
			buildConfigurationList = 2735583C1ADB157A0059FBE7 /* Build configuration list for PBXNativeTarget "Digi_CatalogueTests" */;
			buildPhases = (
				2735582B1ADB157A0059FBE7 /* Sources */,
				2735582C1ADB157A0059FBE7 /* Frameworks */,
				2735582D1ADB157A0059FBE7 /* Resources */,
			);
			buildRules = (
			);
			dependencies = (
				273558311ADB157A0059FBE7 /* PBXTargetDependency */,
			);
			name = Digi_CatalogueTests;
			productName = Digi_CatalogueTests;
			productReference = 2735582F1ADB157A0059FBE7 /* Digi_CatalogueTests.xctest */;
			productType = "com.apple.product-type.bundle.unit-test";
		};
/* End PBXNativeTarget section */

/* Begin PBXProject section */
		2735580B1ADB15790059FBE7 /* Project object */ = {
			isa = PBXProject;
			attributes = {
				LastUpgradeCheck = 0620;
				ORGANIZATIONNAME = Brinvents;
				TargetAttributes = {
					273558121ADB15790059FBE7 = {
						CreatedOnToolsVersion = 6.2;
					};
					2735582E1ADB157A0059FBE7 = {
						CreatedOnToolsVersion = 6.2;
						TestTargetID = 273558121ADB15790059FBE7;
					};
				};
			};
			buildConfigurationList = 2735580E1ADB15790059FBE7 /* Build configuration list for PBXProject "Digi_Catalogue" */;
			compatibilityVersion = "Xcode 3.2";
			developmentRegion = English;
			hasScannedForEncodings = 0;
			knownRegions = (
				en,
				Base,
			);
			mainGroup = 2735580A1ADB15790059FBE7;
			productRefGroup = 273558141ADB15790059FBE7 /* Products */;
			projectDirPath = "";
			projectRoot = "";
			targets = (
				273558121ADB15790059FBE7 /* Digi_Catalogue */,
				2735582E1ADB157A0059FBE7 /* Digi_CatalogueTests */,
			);
		};
/* End PBXProject section */

/* Begin PBXResourcesBuildPhase section */
		273558111ADB15790059FBE7 /* Resources */ = {
			isa = PBXResourcesBuildPhase;
			buildActionMask = 2147483647;
			files = (
				273558251ADB15790059FBE7 /* Main.storyboard in Resources */,
				271982721ADC45C800C0FB3C /* banner5.png in Resources */,
				271982751ADC45C800C0FB3C /* banner6@2x.png in Resources */,
				2719827C1ADC4F9B00C0FB3C /* mod@2x.png in Resources */,
				2719826A1ADC45C800C0FB3C /* banner1.png in Resources */,
				27A3DCAC1B1DE56D007807F9 /* ProductDetailStoryboard.storyboard in Resources */,
				2719826D1ADC45C800C0FB3C /* banner2@2x.png in Resources */,
				2719826F1ADC45C800C0FB3C /* banner3@2x.png in Resources */,
				2735582A1ADB15790059FBE7 /* LaunchScreen.xib in Resources */,
				271982731ADC45C800C0FB3C /* banner5@2x.png in Resources */,
				2719826B1ADC45C800C0FB3C /* banner1@2x.png in Resources */,
				271982711ADC45C800C0FB3C /* banner4@2x.png in Resources */,
				279D96321ADD4CEF00124B4C /* SplitViewStoryBoard.storyboard in Resources */,
				2719827B1ADC4F9B00C0FB3C /* mod.png in Resources */,
				2719826C1ADC45C800C0FB3C /* banner2.png in Resources */,
				271982741ADC45C800C0FB3C /* banner6.png in Resources */,
				273558271ADB15790059FBE7 /* Images.xcassets in Resources */,
				271982701ADC45C800C0FB3C /* banner4.png in Resources */,
				2719826E1ADC45C800C0FB3C /* banner3.png in Resources */,
			);
			runOnlyForDeploymentPostprocessing = 0;
		};
		2735582D1ADB157A0059FBE7 /* Resources */ = {
			isa = PBXResourcesBuildPhase;
			buildActionMask = 2147483647;
			files = (
			);
			runOnlyForDeploymentPostprocessing = 0;
		};
/* End PBXResourcesBuildPhase section */

/* Begin PBXShellScriptBuildPhase section */
		2B8E989ADF810918C9A1A1BE /* Copy Pods Resources */ = {
			isa = PBXShellScriptBuildPhase;
			buildActionMask = 2147483647;
			files = (
			);
			inputPaths = (
			);
			name = "Copy Pods Resources";
			outputPaths = (
			);
			runOnlyForDeploymentPostprocessing = 0;
			shellPath = /bin/sh;
			shellScript = "\"${SRCROOT}/Pods/Target Support Files/Pods-Digi_Catalogue/Pods-Digi_Catalogue-resources.sh\"\n";
			showEnvVarsInLog = 0;
		};
		939484D0A4C4F98162E74D3B /* Check Pods Manifest.lock */ = {
			isa = PBXShellScriptBuildPhase;
			buildActionMask = 2147483647;
			files = (
			);
			inputPaths = (
			);
			name = "Check Pods Manifest.lock";
			outputPaths = (
			);
			runOnlyForDeploymentPostprocessing = 0;
			shellPath = /bin/sh;
			shellScript = "diff \"${PODS_ROOT}/../Podfile.lock\" \"${PODS_ROOT}/Manifest.lock\" > /dev/null\nif [[ $? != 0 ]] ; then\n    cat << EOM\nerror: The sandbox is not in sync with the Podfile.lock. Run 'pod install' or update your CocoaPods installation.\nEOM\n    exit 1\nfi\n";
			showEnvVarsInLog = 0;
		};
/* End PBXShellScriptBuildPhase section */

/* Begin PBXSourcesBuildPhase section */
		2735580F1ADB15790059FBE7 /* Sources */ = {
			isa = PBXSourcesBuildPhase;
			buildActionMask = 2147483647;
			files = (
				27E0F3921B20AA430011DE82 /* HelperMethods.m in Sources */,
				271982B91ADC6C1E00C0FB3C /* LoginViewController.m in Sources */,
				270066B51ADCF48A0070BCB2 /* UIImage+ProportionalFill.m in Sources */,
				273558191ADB15790059FBE7 /* main.m in Sources */,
				271982BD1ADC6C1E00C0FB3C /* ProductCollectionView.m in Sources */,
				27E0F3901B20AA430011DE82 /* CollectionsApi.m in Sources */,
				27E0F3A11B20AA430011DE82 /* SignUpDetails.m in Sources */,
				27E0F38E1B20AA430011DE82 /* AFNetWorkAPIClient.m in Sources */,
				27E5235F1AF0078700D33D67 /* MZLoadingCircle.m in Sources */,
				27E0F3971B20AA430011DE82 /* LoginDetails.m in Sources */,
				27E0F39B1B20AA430011DE82 /* CollectionListOfItems.m in Sources */,
				271982581ADC3CF200C0FB3C /* BaseViewController.m in Sources */,
				27E0F3A31B20AA430011DE82 /* WebService.m in Sources */,
				271982BE1ADC6C1E00C0FB3C /* ProductListTableViewCell.m in Sources */,
				27E523601AF0078700D33D67 /* FXImageView.m in Sources */,
				279D96391ADD53E900124B4C /* SplitViewController.m in Sources */,
				271982B61ADC6C1E00C0FB3C /* DiamondSplitViewController.m in Sources */,
				27E0F3BB1B20B14B0011DE82 /* Cache.m in Sources */,
				27E0F39E1B20AA430011DE82 /* Products.m in Sources */,
				27E0F3A01B20AA430011DE82 /* SignUpApi.m in Sources */,
				27E0F3961B20AA430011DE82 /* LoginApi.m in Sources */,
				27E0F3941B20AA430011DE82 /* HomeScreenDetails.m in Sources */,
				2747E11C1B23675600367B9B /* JastorRuntimeHelper.m in Sources */,
				27E0F3A71B20AA910011DE82 /* Items.m in Sources */,
				27E0F3911B20AA430011DE82 /* ForgotPasswordApi.m in Sources */,
				271982BB1ADC6C1E00C0FB3C /* GalleryItemCollectionViewCell.m in Sources */,
				27E0F3BC1B20B14B0011DE82 /* DataStorage.m in Sources */,
				27A3DCAF1B1DE692007807F9 /* ProductDetailViewController.m in Sources */,
				2735581F1ADB15790059FBE7 /* Digi_Catalogue.xcdatamodeld in Sources */,
				271982571ADC3CF200C0FB3C /* AppDelegate.m in Sources */,
				27E523621AF0078700D33D67 /* Flickr.m in Sources */,
				27E523631AF0078700D33D67 /* FlickrPhoto.m in Sources */,
				27E0F3951B20AA430011DE82 /* LoadingLogic.m in Sources */,
				27889B911B03ED79000E6717 /* ProductItemCell.m in Sources */,
				276E64E51B011035002B1D06 /* FeedBackViewController.m in Sources */,
				27E0F38F1B20AA430011DE82 /* APIBase.m in Sources */,
				27E0F3BD1B20B14B0011DE82 /* DataUtility.m in Sources */,
				27E0F3981B20AA430011DE82 /* OffersApi.m in Sources */,
				27889B991B040881000E6717 /* SettingViewController.m in Sources */,
				27E0F39D1B20AA430011DE82 /* ListOfItems.m in Sources */,
				27E0F3991B20AA430011DE82 /* OffersDetails.m in Sources */,
				27E523641AF0078700D33D67 /* BDUtility.m in Sources */,
				27E0F3931B20AA430011DE82 /* HomeScreenApi.m in Sources */,
				271982BA1ADC6C1E00C0FB3C /* PlatinumSplitViewController.m in Sources */,
				271982B81ADC6C1E00C0FB3C /* HomeViewController.m in Sources */,
				27E0F39A1B20AA430011DE82 /* ParserUtility.m in Sources */,
				271982C01ADC6C1E00C0FB3C /* SilverSplitViewController.m in Sources */,
				27E0F39F1B20AA430011DE82 /* Reachability.m in Sources */,
				279D96351ADD524000124B4C /* TabBarController.m in Sources */,
				2747E11B1B23675600367B9B /* Jastor.m in Sources */,
				271982BC1ADC6C1E00C0FB3C /* ProductCategoryListViewController.m in Sources */,
				27E523611AF0078700D33D67 /* UIImage+FX.m in Sources */,
				27889B951B040498000E6717 /* DataManager.m in Sources */,
				27E0F3A21B20AA430011DE82 /* ValidateApi.m in Sources */,
				271982B71ADC6C1E00C0FB3C /* GoldSplitViewController.m in Sources */,
				27E0F3BF1B20B14B0011DE82 /* PICoreDataManager.m in Sources */,
			);
			runOnlyForDeploymentPostprocessing = 0;
		};
		2735582B1ADB157A0059FBE7 /* Sources */ = {
			isa = PBXSourcesBuildPhase;
			buildActionMask = 2147483647;
			files = (
				273558361ADB157A0059FBE7 /* Digi_CatalogueTests.m in Sources */,
			);
			runOnlyForDeploymentPostprocessing = 0;
		};
/* End PBXSourcesBuildPhase section */

/* Begin PBXTargetDependency section */
		273558311ADB157A0059FBE7 /* PBXTargetDependency */ = {
			isa = PBXTargetDependency;
			target = 273558121ADB15790059FBE7 /* Digi_Catalogue */;
			targetProxy = 273558301ADB157A0059FBE7 /* PBXContainerItemProxy */;
		};
/* End PBXTargetDependency section */

/* Begin PBXVariantGroup section */
		273558231ADB15790059FBE7 /* Main.storyboard */ = {
			isa = PBXVariantGroup;
			children = (
				273558241ADB15790059FBE7 /* Base */,
			);
			name = Main.storyboard;
			sourceTree = "<group>";
		};
		273558281ADB15790059FBE7 /* LaunchScreen.xib */ = {
			isa = PBXVariantGroup;
			children = (
				273558291ADB15790059FBE7 /* Base */,
			);
			name = LaunchScreen.xib;
			sourceTree = "<group>";
		};
/* End PBXVariantGroup section */

/* Begin XCBuildConfiguration section */
		273558371ADB157A0059FBE7 /* Debug */ = {
			isa = XCBuildConfiguration;
			buildSettings = {
				ALWAYS_SEARCH_USER_PATHS = NO;
				CLANG_CXX_LANGUAGE_STANDARD = "gnu++0x";
				CLANG_CXX_LIBRARY = "libc++";
				CLANG_ENABLE_MODULES = YES;
				CLANG_ENABLE_OBJC_ARC = YES;
				CLANG_WARN_BOOL_CONVERSION = YES;
				CLANG_WARN_CONSTANT_CONVERSION = YES;
				CLANG_WARN_DIRECT_OBJC_ISA_USAGE = YES_ERROR;
				CLANG_WARN_EMPTY_BODY = YES;
				CLANG_WARN_ENUM_CONVERSION = YES;
				CLANG_WARN_INT_CONVERSION = YES;
				CLANG_WARN_OBJC_ROOT_CLASS = YES_ERROR;
				CLANG_WARN_UNREACHABLE_CODE = YES;
				CLANG_WARN__DUPLICATE_METHOD_MATCH = YES;
				CODE_SIGN_IDENTITY = "iPhone Distribution: Stora Enso Oyj";
				"CODE_SIGN_IDENTITY[sdk=iphoneos*]" = "iPhone Distribution: Stora Enso Oyj";
				COPY_PHASE_STRIP = NO;
				ENABLE_STRICT_OBJC_MSGSEND = YES;
				GCC_C_LANGUAGE_STANDARD = gnu99;
				GCC_DYNAMIC_NO_PIC = NO;
				GCC_OPTIMIZATION_LEVEL = 0;
				GCC_PREPROCESSOR_DEFINITIONS = (
					"DEBUG=1",
					"$(inherited)",
				);
				GCC_SYMBOLS_PRIVATE_EXTERN = NO;
				GCC_WARN_64_TO_32_BIT_CONVERSION = YES;
				GCC_WARN_ABOUT_RETURN_TYPE = YES_ERROR;
				GCC_WARN_UNDECLARED_SELECTOR = YES;
				GCC_WARN_UNINITIALIZED_AUTOS = YES_AGGRESSIVE;
				GCC_WARN_UNUSED_FUNCTION = YES;
				GCC_WARN_UNUSED_VARIABLE = YES;
				IPHONEOS_DEPLOYMENT_TARGET = 7.0;
				MTL_ENABLE_DEBUG_INFO = YES;
				ONLY_ACTIVE_ARCH = NO;
				PROVISIONING_PROFILE = "3074f451-766d-41ac-b69b-995303a97ceb";
				SDKROOT = iphoneos;
				TARGETED_DEVICE_FAMILY = "1,2";
			};
			name = Debug;
		};
		273558381ADB157A0059FBE7 /* Release */ = {
			isa = XCBuildConfiguration;
			buildSettings = {
				ALWAYS_SEARCH_USER_PATHS = NO;
				CLANG_CXX_LANGUAGE_STANDARD = "gnu++0x";
				CLANG_CXX_LIBRARY = "libc++";
				CLANG_ENABLE_MODULES = YES;
				CLANG_ENABLE_OBJC_ARC = YES;
				CLANG_WARN_BOOL_CONVERSION = YES;
				CLANG_WARN_CONSTANT_CONVERSION = YES;
				CLANG_WARN_DIRECT_OBJC_ISA_USAGE = YES_ERROR;
				CLANG_WARN_EMPTY_BODY = YES;
				CLANG_WARN_ENUM_CONVERSION = YES;
				CLANG_WARN_INT_CONVERSION = YES;
				CLANG_WARN_OBJC_ROOT_CLASS = YES_ERROR;
				CLANG_WARN_UNREACHABLE_CODE = YES;
				CLANG_WARN__DUPLICATE_METHOD_MATCH = YES;
				CODE_SIGN_IDENTITY = "iPhone Distribution: Stora Enso Oyj";
				"CODE_SIGN_IDENTITY[sdk=iphoneos*]" = "iPhone Distribution: Stora Enso Oyj";
				COPY_PHASE_STRIP = NO;
				ENABLE_NS_ASSERTIONS = NO;
				ENABLE_STRICT_OBJC_MSGSEND = YES;
				GCC_C_LANGUAGE_STANDARD = gnu99;
				GCC_WARN_64_TO_32_BIT_CONVERSION = YES;
				GCC_WARN_ABOUT_RETURN_TYPE = YES_ERROR;
				GCC_WARN_UNDECLARED_SELECTOR = YES;
				GCC_WARN_UNINITIALIZED_AUTOS = YES_AGGRESSIVE;
				GCC_WARN_UNUSED_FUNCTION = YES;
				GCC_WARN_UNUSED_VARIABLE = YES;
				IPHONEOS_DEPLOYMENT_TARGET = 7.0;
				MTL_ENABLE_DEBUG_INFO = NO;
				ONLY_ACTIVE_ARCH = NO;
				PROVISIONING_PROFILE = "3074f451-766d-41ac-b69b-995303a97ceb";
				SDKROOT = iphoneos;
				TARGETED_DEVICE_FAMILY = "1,2";
				VALIDATE_PRODUCT = YES;
			};
			name = Release;
		};
		2735583A1ADB157A0059FBE7 /* Debug */ = {
			isa = XCBuildConfiguration;
			baseConfigurationReference = F782133962FD67B9752755ED /* Pods-Digi_Catalogue.debug.xcconfig */;
			buildSettings = {
				ASSETCATALOG_COMPILER_APPICON_NAME = AppIcon;
				CODE_SIGN_IDENTITY = "iPhone Distribution: Stora Enso Oyj";
				INFOPLIST_FILE = Digi_Catalogue/Info.plist;
				IPHONEOS_DEPLOYMENT_TARGET = 7.0;
				LD_RUNPATH_SEARCH_PATHS = "$(inherited) @executable_path/Frameworks";
				ONLY_ACTIVE_ARCH = YES;
				PRODUCT_NAME = "$(TARGET_NAME)";
				PROVISIONING_PROFILE = "3074f451-766d-41ac-b69b-995303a97ceb";
			};
			name = Debug;
		};
		2735583B1ADB157A0059FBE7 /* Release */ = {
			isa = XCBuildConfiguration;
			baseConfigurationReference = 2A3C61C49C86139F53D20662 /* Pods-Digi_Catalogue.release.xcconfig */;
			buildSettings = {
				ASSETCATALOG_COMPILER_APPICON_NAME = AppIcon;
				CODE_SIGN_IDENTITY = "iPhone Distribution: Stora Enso Oyj";
				INFOPLIST_FILE = Digi_Catalogue/Info.plist;
				IPHONEOS_DEPLOYMENT_TARGET = 7.0;
				LD_RUNPATH_SEARCH_PATHS = "$(inherited) @executable_path/Frameworks";
				ONLY_ACTIVE_ARCH = YES;
				PRODUCT_NAME = "$(TARGET_NAME)";
				PROVISIONING_PROFILE = "3074f451-766d-41ac-b69b-995303a97ceb";
			};
			name = Release;
		};
		2735583D1ADB157A0059FBE7 /* Debug */ = {
			isa = XCBuildConfiguration;
			buildSettings = {
				BUNDLE_LOADER = "$(TEST_HOST)";
				FRAMEWORK_SEARCH_PATHS = (
					"$(SDKROOT)/Developer/Library/Frameworks",
					"$(inherited)",
				);
				GCC_PREPROCESSOR_DEFINITIONS = (
					"DEBUG=1",
					"$(inherited)",
				);
				INFOPLIST_FILE = Digi_CatalogueTests/Info.plist;
				LD_RUNPATH_SEARCH_PATHS = "$(inherited) @executable_path/Frameworks @loader_path/Frameworks";
				PRODUCT_NAME = "$(TARGET_NAME)";
				TEST_HOST = "$(BUILT_PRODUCTS_DIR)/Digi_Catalogue.app/Digi_Catalogue";
			};
			name = Debug;
		};
		2735583E1ADB157A0059FBE7 /* Release */ = {
			isa = XCBuildConfiguration;
			buildSettings = {
				BUNDLE_LOADER = "$(TEST_HOST)";
				FRAMEWORK_SEARCH_PATHS = (
					"$(SDKROOT)/Developer/Library/Frameworks",
					"$(inherited)",
				);
				INFOPLIST_FILE = Digi_CatalogueTests/Info.plist;
				LD_RUNPATH_SEARCH_PATHS = "$(inherited) @executable_path/Frameworks @loader_path/Frameworks";
				PRODUCT_NAME = "$(TARGET_NAME)";
				TEST_HOST = "$(BUILT_PRODUCTS_DIR)/Digi_Catalogue.app/Digi_Catalogue";
			};
			name = Release;
		};
/* End XCBuildConfiguration section */

/* Begin XCConfigurationList section */
		2735580E1ADB15790059FBE7 /* Build configuration list for PBXProject "Digi_Catalogue" */ = {
			isa = XCConfigurationList;
			buildConfigurations = (
				273558371ADB157A0059FBE7 /* Debug */,
				273558381ADB157A0059FBE7 /* Release */,
			);
			defaultConfigurationIsVisible = 0;
			defaultConfigurationName = Release;
		};
		273558391ADB157A0059FBE7 /* Build configuration list for PBXNativeTarget "Digi_Catalogue" */ = {
			isa = XCConfigurationList;
			buildConfigurations = (
				2735583A1ADB157A0059FBE7 /* Debug */,
				2735583B1ADB157A0059FBE7 /* Release */,
			);
			defaultConfigurationIsVisible = 0;
			defaultConfigurationName = Release;
		};
		2735583C1ADB157A0059FBE7 /* Build configuration list for PBXNativeTarget "Digi_CatalogueTests" */ = {
			isa = XCConfigurationList;
			buildConfigurations = (
				2735583D1ADB157A0059FBE7 /* Debug */,
				2735583E1ADB157A0059FBE7 /* Release */,
			);
			defaultConfigurationIsVisible = 0;
			defaultConfigurationName = Release;
		};
/* End XCConfigurationList section */

/* Begin XCVersionGroup section */
		2735581D1ADB15790059FBE7 /* Digi_Catalogue.xcdatamodeld */ = {
			isa = XCVersionGroup;
			children = (
				2735581E1ADB15790059FBE7 /* Digi_Catalogue.xcdatamodel */,
			);
			currentVersion = 2735581E1ADB15790059FBE7 /* Digi_Catalogue.xcdatamodel */;
			path = Digi_Catalogue.xcdatamodeld;
			sourceTree = "<group>";
			versionGroupType = wrapper.xcdatamodel;
		};
/* End XCVersionGroup section */
	};
	rootObject = 2735580B1ADB15790059FBE7 /* Project object */;
}
